
Microsoft Visual Studio Solution File, Format Version 12.00
# Visual Studio Version 16
VisualStudioVersion = 16.0.31624.102
MinimumVisualStudioVersion = 10.0.40219.1
Project("{FAE04EC0-301F-11D3-BF4B-00C04F79EFBC}") = "CrqDemo", "CrqDemo.csproj", "{784A92CB-3A1B-45E8-AB11-885F13E03DA5}"
EndProject
Global
	GlobalSection(SolutionConfigurationPlatforms) = preSolution
		Debug|Any CPU = Debug|Any CPU
		Release|Any CPU = Release|Any CPU
	EndGlobalSection
	GlobalSection(ProjectConfigurationPlatforms) = postSolution
		{784A92CB-3A1B-45E8-AB11-885F13E03DA5}.Debug|Any CPU.ActiveCfg = Debug|Any CPU
		{784A92CB-3A1B-45E8-AB11-885F13E03DA5}.Debug|Any CPU.Build.0 = Debug|Any CPU
		{784A92CB-3A1B-45E8-AB11-885F13E03DA5}.Release|Any CPU.ActiveCfg = Release|Any CPU
		{784A92CB-3A1B-45E8-AB11-885F13E03DA5}.Release|Any CPU.Build.0 = Release|Any CPU
	EndGlobalSection
	GlobalSection(SolutionProperties) = preSolution
		HideSolutionNode = FALSE
	EndGlobalSection
	GlobalSection(ExtensibilityGlobals) = postSolution
		SolutionGuid = {DBB53881-44F6-4F53-8446-A49FD1E58097}
	EndGlobalSection
EndGlobal
